# THIS IS AN AUTOGENERATED FILE. DO NOT EDIT THIS FILE DIRECTLY.
# yarn lockfile v1


next-recaptcha-v3@^1.1.5:
  version "1.1.5"
  resolved "https://registry.yarnpkg.com/next-recaptcha-v3/-/next-recaptcha-v3-1.1.5.tgz#005b962ad8d919c3d6658bb046e75f1f8790bb97"
  integrity sha512-CkhhGf4bSmy7/rnqOW9Wv55iO2tvZoOHvniDhVhX9hlBUmLTpEnQgnkc85ct9PyoBse6elQHUhzjg/c4z0yJbw==
